
Microsoft Visual Studio Solution File, Format Version 12.00
# Visual Studio Version 16
VisualStudioVersion = 16.0.31624.102
MinimumVisualStudioVersion = 10.0.40219.1
Project("{FAE04EC0-301F-11D3-BF4B-00C04F79EFBC}") = "ConsoleApp", "ConsoleApp\ConsoleApp.csproj", "{071BBCD3-D3BC-4AE3-BC1C-349B6D849268}"
EndProject
Global
	GlobalSection(SolutionConfigurationPlatforms) = preSolution
		Debug|Any CPU = Debug|Any CPU
		Release|Any CPU = Release|Any CPU
	EndGlobalSection
	GlobalSection(ProjectConfigurationPlatforms) = postSolution
		{071BBCD3-D3BC-4AE3-BC1C-349B6D849268}.Debug|Any CPU.ActiveCfg = Debug|Any CPU
		{071BBCD3-D3BC-4AE3-BC1C-349B6D849268}.Debug|Any CPU.Build.0 = Debug|Any CPU
		{071BBCD3-D3BC-4AE3-BC1C-349B6D849268}.Release|Any CPU.ActiveCfg = Release|Any CPU
		{071BBCD3-D3BC-4AE3-BC1C-349B6D849268}.Release|Any CPU.Build.0 = Release|Any CPU
	EndGlobalSection
	GlobalSection(SolutionProperties) = preSolution
		HideSolutionNode = FALSE
	EndGlobalSection
	GlobalSection(ExtensibilityGlobals) = postSolution
		SolutionGuid = {41C707EE-0907-4CFE-9FC9-06C02A9994C5}
	EndGlobalSection
EndGlobal
